
Microsoft Visual Studio Solution File, Format Version 12.00
# Visual Studio Version 17
VisualStudioVersion = 17.2.32616.157
MinimumVisualStudioVersion = 10.0.40219.1
Project("{FAE04EC0-301F-11D3-BF4B-00C04F79EFBC}") = "Module 4 Lab Assaignment", "Module 4 Lab Assaignment\Module 4 Lab Assaignment.csproj", "{4DD37FA0-9A98-42FD-BBC3-320BBA1C455C}"
EndProject
Global
	GlobalSection(SolutionConfigurationPlatforms) = preSolution
		Debug|Any CPU = Debug|Any CPU
		Release|Any CPU = Release|Any CPU
	EndGlobalSection
	GlobalSection(ProjectConfigurationPlatforms) = postSolution
		{4DD37FA0-9A98-42FD-BBC3-320BBA1C455C}.Debug|Any CPU.ActiveCfg = Debug|Any CPU
		{4DD37FA0-9A98-42FD-BBC3-320BBA1C455C}.Debug|Any CPU.Build.0 = Debug|Any CPU
		{4DD37FA0-9A98-42FD-BBC3-320BBA1C455C}.Release|Any CPU.ActiveCfg = Release|Any CPU
		{4DD37FA0-9A98-42FD-BBC3-320BBA1C455C}.Release|Any CPU.Build.0 = Release|Any CPU
	EndGlobalSection
	GlobalSection(SolutionProperties) = preSolution
		HideSolutionNode = FALSE
	EndGlobalSection
	GlobalSection(ExtensibilityGlobals) = postSolution
		SolutionGuid = {8601B376-01BA-43BD-8C47-4EDC06FD4951}
	EndGlobalSection
EndGlobal
